
Microsoft Visual Studio Solution File, Format Version 12.00
# Visual Studio Version 16
VisualStudioVersion = 16.0.28922.388
MinimumVisualStudioVersion = 10.0.40219.1
Project("{9A19103F-16F7-4668-BE54-9A1E7A4F7556}") = "EFDatatable", "EFDatatable\EFDatatable.csproj", "{822B6B5E-1F43-44BA-A1F6-67934FD909FC}"
EndProject
Project("{FAE04EC0-301F-11D3-BF4B-00C04F79EFBC}") = "EFDatatable.Web", "EFDatatable.Web\EFDatatable.Web.csproj", "{7FF58A69-4C2F-4417-B718-21D7C0315A13}"
EndProject
Project("{9A19103F-16F7-4668-BE54-9A1E7A4F7556}") = "EFDatatable.Data", "EFDatatable.Data\EFDatatable.Data.csproj", "{2566A360-3623-4E13-B107-646406D4B796}"
EndProject
Global
	GlobalSection(SolutionConfigurationPlatforms) = preSolution
		Debug|Any CPU = Debug|Any CPU
		Release|Any CPU = Release|Any CPU
	EndGlobalSection
	GlobalSection(ProjectConfigurationPlatforms) = postSolution
		{822B6B5E-1F43-44BA-A1F6-67934FD909FC}.Debug|Any CPU.ActiveCfg = Debug|Any CPU
		{822B6B5E-1F43-44BA-A1F6-67934FD909FC}.Debug|Any CPU.Build.0 = Debug|Any CPU
		{822B6B5E-1F43-44BA-A1F6-67934FD909FC}.Release|Any CPU.ActiveCfg = Release|Any CPU
		{822B6B5E-1F43-44BA-A1F6-67934FD909FC}.Release|Any CPU.Build.0 = Release|Any CPU
		{7FF58A69-4C2F-4417-B718-21D7C0315A13}.Debug|Any CPU.ActiveCfg = Debug|Any CPU
		{7FF58A69-4C2F-4417-B718-21D7C0315A13}.Debug|Any CPU.Build.0 = Debug|Any CPU
		{7FF58A69-4C2F-4417-B718-21D7C0315A13}.Release|Any CPU.ActiveCfg = Release|Any CPU
		{7FF58A69-4C2F-4417-B718-21D7C0315A13}.Release|Any CPU.Build.0 = Release|Any CPU
		{2566A360-3623-4E13-B107-646406D4B796}.Debug|Any CPU.ActiveCfg = Debug|Any CPU
		{2566A360-3623-4E13-B107-646406D4B796}.Debug|Any CPU.Build.0 = Debug|Any CPU
		{2566A360-3623-4E13-B107-646406D4B796}.Release|Any CPU.ActiveCfg = Release|Any CPU
		{2566A360-3623-4E13-B107-646406D4B796}.Release|Any CPU.Build.0 = Release|Any CPU
	EndGlobalSection
	GlobalSection(SolutionProperties) = preSolution
		HideSolutionNode = FALSE
	EndGlobalSection
	GlobalSection(ExtensibilityGlobals) = postSolution
		SolutionGuid = {7EB2A7F1-6E3E-4975-A8D0-C7ABF68AC1E7}
	EndGlobalSection
EndGlobal
