
Microsoft Visual Studio Solution File, Format Version 12.00
# Visual Studio Version 16
VisualStudioVersion = 16.0.28922.388
MinimumVisualStudioVersion = 10.0.40219.1
Project("{9A19103F-16F7-4668-BE54-9A1E7A4F7556}") = "EFDatatable", "EFDatatable\EFDatatable.csproj", "{822B6B5E-1F43-44BA-A1F6-67934FD909FC}"
EndProject
Project("{9A19103F-16F7-4668-BE54-9A1E7A4F7556}") = "EFDatatable.Data", "EFDatatable.Data\EFDatatable.Data.csproj", "{2566A360-3623-4E13-B107-646406D4B796}"
EndProject
Project("{FAE04EC0-301F-11D3-BF4B-00C04F79EFBC}") = "EFDatatable.Test", "EFDatatable.Test\EFDatatable.Test.csproj", "{7FF58A69-4C2F-4417-B718-21D7C0315A13}"
EndProject
Project("{9A19103F-16F7-4668-BE54-9A1E7A4F7556}") = "EFDatatable.Core", "EFDatatable.Core\EFDatatable.Core.csproj", "{5D20F6E9-95D5-4837-B43A-FE91559DFD0B}"
EndProject
Project("{2150E333-8FDC-42A3-9474-1A3956D46DE8}") = "src", "src", "{914A9265-E9D4-49E1-9D57-75970102BB03}"
EndProject
Project("{2150E333-8FDC-42A3-9474-1A3956D46DE8}") = "Test", "Test", "{83277B2C-EF34-49E8-8581-86E7E5EC6C46}"
EndProject
Project("{FAE04EC0-301F-11D3-BF4B-00C04F79EFBC}") = "EFDatatable.Core.Test", "EFDatatable.Core.Test\EFDatatable.Core.Test.csproj", "{3A649A62-ACBD-468E-AA59-18CE08D50DD1}"
EndProject
Global
	GlobalSection(SolutionConfigurationPlatforms) = preSolution
		Debug|Any CPU = Debug|Any CPU
		Release|Any CPU = Release|Any CPU
	EndGlobalSection
	GlobalSection(ProjectConfigurationPlatforms) = postSolution
		{822B6B5E-1F43-44BA-A1F6-67934FD909FC}.Debug|Any CPU.ActiveCfg = Debug|Any CPU
		{822B6B5E-1F43-44BA-A1F6-67934FD909FC}.Debug|Any CPU.Build.0 = Debug|Any CPU
		{822B6B5E-1F43-44BA-A1F6-67934FD909FC}.Release|Any CPU.ActiveCfg = Release|Any CPU
		{822B6B5E-1F43-44BA-A1F6-67934FD909FC}.Release|Any CPU.Build.0 = Release|Any CPU
		{2566A360-3623-4E13-B107-646406D4B796}.Debug|Any CPU.ActiveCfg = Debug|Any CPU
		{2566A360-3623-4E13-B107-646406D4B796}.Debug|Any CPU.Build.0 = Debug|Any CPU
		{2566A360-3623-4E13-B107-646406D4B796}.Release|Any CPU.ActiveCfg = Release|Any CPU
		{2566A360-3623-4E13-B107-646406D4B796}.Release|Any CPU.Build.0 = Release|Any CPU
		{7FF58A69-4C2F-4417-B718-21D7C0315A13}.Debug|Any CPU.ActiveCfg = Debug|Any CPU
		{7FF58A69-4C2F-4417-B718-21D7C0315A13}.Debug|Any CPU.Build.0 = Debug|Any CPU
		{7FF58A69-4C2F-4417-B718-21D7C0315A13}.Release|Any CPU.ActiveCfg = Release|Any CPU
		{7FF58A69-4C2F-4417-B718-21D7C0315A13}.Release|Any CPU.Build.0 = Release|Any CPU
		{5D20F6E9-95D5-4837-B43A-FE91559DFD0B}.Debug|Any CPU.ActiveCfg = Debug|Any CPU
		{5D20F6E9-95D5-4837-B43A-FE91559DFD0B}.Debug|Any CPU.Build.0 = Debug|Any CPU
		{5D20F6E9-95D5-4837-B43A-FE91559DFD0B}.Release|Any CPU.ActiveCfg = Release|Any CPU
		{5D20F6E9-95D5-4837-B43A-FE91559DFD0B}.Release|Any CPU.Build.0 = Release|Any CPU
		{3A649A62-ACBD-468E-AA59-18CE08D50DD1}.Debug|Any CPU.ActiveCfg = Debug|Any CPU
		{3A649A62-ACBD-468E-AA59-18CE08D50DD1}.Debug|Any CPU.Build.0 = Debug|Any CPU
		{3A649A62-ACBD-468E-AA59-18CE08D50DD1}.Release|Any CPU.ActiveCfg = Release|Any CPU
		{3A649A62-ACBD-468E-AA59-18CE08D50DD1}.Release|Any CPU.Build.0 = Release|Any CPU
	EndGlobalSection
	GlobalSection(SolutionProperties) = preSolution
		HideSolutionNode = FALSE
	EndGlobalSection
	GlobalSection(NestedProjects) = preSolution
		{822B6B5E-1F43-44BA-A1F6-67934FD909FC} = {914A9265-E9D4-49E1-9D57-75970102BB03}
		{2566A360-3623-4E13-B107-646406D4B796} = {914A9265-E9D4-49E1-9D57-75970102BB03}
		{7FF58A69-4C2F-4417-B718-21D7C0315A13} = {83277B2C-EF34-49E8-8581-86E7E5EC6C46}
		{5D20F6E9-95D5-4837-B43A-FE91559DFD0B} = {914A9265-E9D4-49E1-9D57-75970102BB03}
		{3A649A62-ACBD-468E-AA59-18CE08D50DD1} = {83277B2C-EF34-49E8-8581-86E7E5EC6C46}
	EndGlobalSection
	GlobalSection(ExtensibilityGlobals) = postSolution
		SolutionGuid = {7EB2A7F1-6E3E-4975-A8D0-C7ABF68AC1E7}
	EndGlobalSection
EndGlobal
